
Microsoft Visual Studio Solution File, Format Version 12.00
# Visual Studio Version 16
VisualStudioVersion = 16.0.30907.101
MinimumVisualStudioVersion = 10.0.40219.1
Project("{FAE04EC0-301F-11D3-BF4B-00C04F79EFBC}") = "DB_ConsoleApp", "DB_ConsoleApp\DB_ConsoleApp.csproj", "{8BCB96CE-BDFC-4B4E-BF9E-333E666E97B8}"
EndProject
Project("{FAE04EC0-301F-11D3-BF4B-00C04F79EFBC}") = "DayPlanner_ConsoleApp", "DayPlanner_ConsoleApp\DayPlanner_ConsoleApp.csproj", "{0545B616-3E3C-44F1-8E4C-A758106D6A6E}"
EndProject
Global
	GlobalSection(SolutionConfigurationPlatforms) = preSolution
		Debug|Any CPU = Debug|Any CPU
		Release|Any CPU = Release|Any CPU
	EndGlobalSection
	GlobalSection(ProjectConfigurationPlatforms) = postSolution
		{8BCB96CE-BDFC-4B4E-BF9E-333E666E97B8}.Debug|Any CPU.ActiveCfg = Debug|Any CPU
		{8BCB96CE-BDFC-4B4E-BF9E-333E666E97B8}.Debug|Any CPU.Build.0 = Debug|Any CPU
		{8BCB96CE-BDFC-4B4E-BF9E-333E666E97B8}.Release|Any CPU.ActiveCfg = Release|Any CPU
		{8BCB96CE-BDFC-4B4E-BF9E-333E666E97B8}.Release|Any CPU.Build.0 = Release|Any CPU
		{0545B616-3E3C-44F1-8E4C-A758106D6A6E}.Debug|Any CPU.ActiveCfg = Debug|Any CPU
		{0545B616-3E3C-44F1-8E4C-A758106D6A6E}.Debug|Any CPU.Build.0 = Debug|Any CPU
		{0545B616-3E3C-44F1-8E4C-A758106D6A6E}.Release|Any CPU.ActiveCfg = Release|Any CPU
		{0545B616-3E3C-44F1-8E4C-A758106D6A6E}.Release|Any CPU.Build.0 = Release|Any CPU
	EndGlobalSection
	GlobalSection(SolutionProperties) = preSolution
		HideSolutionNode = FALSE
	EndGlobalSection
	GlobalSection(ExtensibilityGlobals) = postSolution
		SolutionGuid = {C9F9983B-2E68-4E09-8B0D-151E403620ED}
	EndGlobalSection
EndGlobal
